// !$*UTF8*$!
{
	archiveVersion = 1;
	classes = {
	};
	objectVersion = 50;
	objects = {

/* Begin PBXBuildFile section */
		FD0219BA26403681006B4E2A /* AppDelegate.swift in Sources */ = {isa = PBXBuildFile; fileRef = FD0219B926403681006B4E2A /* AppDelegate.swift */; };
		FD0219BC26403681006B4E2A /* SceneDelegate.swift in Sources */ = {isa = PBXBuildFile; fileRef = FD0219BB26403681006B4E2A /* SceneDelegate.swift */; };
		FD0219BE26403681006B4E2A /* ViewController.swift in Sources */ = {isa = PBXBuildFile; fileRef = FD0219BD26403681006B4E2A /* ViewController.swift */; };
		FD0219C126403681006B4E2A /* Main.storyboard in Resources */ = {isa = PBXBuildFile; fileRef = FD0219BF26403681006B4E2A /* Main.storyboard */; };
		FD0219C326403686006B4E2A /* Assets.xcassets in Resources */ = {isa = PBXBuildFile; fileRef = FD0219C226403686006B4E2A /* Assets.xcassets */; };
		FD0219C626403686006B4E2A /* LaunchScreen.storyboard in Resources */ = {isa = PBXBuildFile; fileRef = FD0219C426403686006B4E2A /* LaunchScreen.storyboard */; };
		FD0219D126403686006B4E2A /* resitcerCalculatorTests.swift in Sources */ = {isa = PBXBuildFile; fileRef = FD0219D026403686006B4E2A /* resitcerCalculatorTests.swift */; };
		FD0219DC26403686006B4E2A /* resitcerCalculatorUITests.swift in Sources */ = {isa = PBXBuildFile; fileRef = FD0219DB26403686006B4E2A /* resitcerCalculatorUITests.swift */; };
/* End PBXBuildFile section */

/* Begin PBXContainerItemProxy section */
		FD0219CD26403686006B4E2A /* PBXContainerItemProxy */ = {
			isa = PBXContainerItemProxy;
			containerPortal = FD0219AE26403681006B4E2A /* Project object */;
			proxyType = 1;
			remoteGlobalIDString = FD0219B526403681006B4E2A;
			remoteInfo = resitcerCalculator;
		};
		FD0219D826403686006B4E2A /* PBXContainerItemProxy */ = {
			isa = PBXContainerItemProxy;
			containerPortal = FD0219AE26403681006B4E2A /* Project object */;
			proxyType = 1;
			remoteGlobalIDString = FD0219B526403681006B4E2A;
			remoteInfo = resitcerCalculator;
		};
/* End PBXContainerItemProxy section */

/* Begin PBXFileReference section */
		FD0219B626403681006B4E2A /* resitcerCalculator.app */ = {isa = PBXFileReference; explicitFileType = wrapper.application; includeInIndex = 0; path = resitcerCalculator.app; sourceTree = BUILT_PRODUCTS_DIR; };
		FD0219B926403681006B4E2A /* AppDelegate.swift */ = {isa = PBXFileReference; lastKnownFileType = sourcecode.swift; path = AppDelegate.swift; sourceTree = "<group>"; };
		FD0219BB26403681006B4E2A /* SceneDelegate.swift */ = {isa = PBXFileReference; lastKnownFileType = sourcecode.swift; path = SceneDelegate.swift; sourceTree = "<group>"; };
		FD0219BD26403681006B4E2A /* ViewController.swift */ = {isa = PBXFileReference; lastKnownFileType = sourcecode.swift; path = ViewController.swift; sourceTree = "<group>"; };
		FD0219C026403681006B4E2A /* Base */ = {isa = PBXFileReference; lastKnownFileType = file.storyboard; name = Base; path = Base.lproj/Main.storyboard; sourceTree = "<group>"; };
		FD0219C226403686006B4E2A /* Assets.xcassets */ = {isa = PBXFileReference; lastKnownFileType = folder.assetcatalog; path = Assets.xcassets; sourceTree = "<group>"; };
		FD0219C526403686006B4E2A /* Base */ = {isa = PBXFileReference; lastKnownFileType = file.storyboard; name = Base; path = Base.lproj/LaunchScreen.storyboard; sourceTree = "<group>"; };
		FD0219C726403686006B4E2A /* Info.plist */ = {isa = PBXFileReference; lastKnownFileType = text.plist.xml; path = Info.plist; sourceTree = "<group>"; };
		FD0219CC26403686006B4E2A /* resitcerCalculatorTests.xctest */ = {isa = PBXFileReference; explicitFileType = wrapper.cfbundle; includeInIndex = 0; path = resitcerCalculatorTests.xctest; sourceTree = BUILT_PRODUCTS_DIR; };
		FD0219D026403686006B4E2A /* resitcerCalculatorTests.swift */ = {isa = PBXFileReference; lastKnownFileType = sourcecode.swift; path = resitcerCalculatorTests.swift; sourceTree = "<group>"; };
		FD0219D226403686006B4E2A /* Info.plist */ = {isa = PBXFileReference; lastKnownFileType = text.plist.xml; path = Info.plist; sourceTree = "<group>"; };
		FD0219D726403686006B4E2A /* resitcerCalculatorUITests.xctest */ = {isa = PBXFileReference; explicitFileType = wrapper.cfbundle; includeInIndex = 0; path = resitcerCalculatorUITests.xctest; sourceTree = BUILT_PRODUCTS_DIR; };
		FD0219DB26403686006B4E2A /* resitcerCalculatorUITests.swift */ = {isa = PBXFileReference; lastKnownFileType = sourcecode.swift; path = resitcerCalculatorUITests.swift; sourceTree = "<group>"; };
		FD0219DD26403686006B4E2A /* Info.plist */ = {isa = PBXFileReference; lastKnownFileType = text.plist.xml; path = Info.plist; sourceTree = "<group>"; };
/* End PBXFileReference section */

/* Begin PBXFrameworksBuildPhase section */
		FD0219B326403681006B4E2A /* Frameworks */ = {
			isa = PBXFrameworksBuildPhase;
			buildActionMask = 2147483647;
			files = (
			);
			runOnlyForDeploymentPostprocessing = 0;
		};
		FD0219C926403686006B4E2A /* Frameworks */ = {
			isa = PBXFrameworksBuildPhase;
			buildActionMask = 2147483647;
			files = (
			);
			runOnlyForDeploymentPostprocessing = 0;
		};
		FD0219D426403686006B4E2A /* Frameworks */ = {
			isa = PBXFrameworksBuildPhase;
			buildActionMask = 2147483647;
			files = (
			);
			runOnlyForDeploymentPostprocessing = 0;
		};
/* End PBXFrameworksBuildPhase section */

/* Begin PBXGroup section */
		FD0219AD26403681006B4E2A = {
			isa = PBXGroup;
			children = (
				FD0219B826403681006B4E2A /* resitcerCalculator */,
				FD0219CF26403686006B4E2A /* resitcerCalculatorTests */,
				FD0219DA26403686006B4E2A /* resitcerCalculatorUITests */,
				FD0219B726403681006B4E2A /* Products */,
			);
			sourceTree = "<group>";
		};
		FD0219B726403681006B4E2A /* Products */ = {
			isa = PBXGroup;
			children = (
				FD0219B626403681006B4E2A /* resitcerCalculator.app */,
				FD0219CC26403686006B4E2A /* resitcerCalculatorTests.xctest */,
				FD0219D726403686006B4E2A /* resitcerCalculatorUITests.xctest */,
			);
			name = Products;
			sourceTree = "<group>";
		};
		FD0219B826403681006B4E2A /* resitcerCalculator */ = {
			isa = PBXGroup;
			children = (
				FD0219B926403681006B4E2A /* AppDelegate.swift */,
				FD0219BB26403681006B4E2A /* SceneDelegate.swift */,
				FD0219BD26403681006B4E2A /* ViewController.swift */,
				FD0219BF26403681006B4E2A /* Main.storyboard */,
				FD0219C226403686006B4E2A /* Assets.xcassets */,
				FD0219C426403686006B4E2A /* LaunchScreen.storyboard */,
				FD0219C726403686006B4E2A /* Info.plist */,
			);
			path = resitcerCalculator;
			sourceTree = "<group>";
		};
		FD0219CF26403686006B4E2A /* resitcerCalculatorTests */ = {
			isa = PBXGroup;
			children = (
				FD0219D026403686006B4E2A /* resitcerCalculatorTests.swift */,
				FD0219D226403686006B4E2A /* Info.plist */,
			);
			path = resitcerCalculatorTests;
			sourceTree = "<group>";
		};
		FD0219DA26403686006B4E2A /* resitcerCalculatorUITests */ = {
			isa = PBXGroup;
			children = (
				FD0219DB26403686006B4E2A /* resitcerCalculatorUITests.swift */,
				FD0219DD26403686006B4E2A /* Info.plist */,
			);
			path = resitcerCalculatorUITests;
			sourceTree = "<group>";
		};
/* End PBXGroup section */

/* Begin PBXNativeTarget section */
		FD0219B526403681006B4E2A /* resitcerCalculator */ = {
			isa = PBXNativeTarget;
			buildConfigurationList = FD0219E026403686006B4E2A /* Build configuration list for PBXNativeTarget "resitcerCalculator" */;
			buildPhases = (
				FD0219B226403681006B4E2A /* Sources */,
				FD0219B326403681006B4E2A /* Frameworks */,
				FD0219B426403681006B4E2A /* Resources */,
			);
			buildRules = (
			);
			dependencies = (
			);
			name = resitcerCalculator;
			productName = resitcerCalculator;
			productReference = FD0219B626403681006B4E2A /* resitcerCalculator.app */;
			productType = "com.apple.product-type.application";
		};
		FD0219CB26403686006B4E2A /* resitcerCalculatorTests */ = {
			isa = PBXNativeTarget;
			buildConfigurationList = FD0219E326403686006B4E2A /* Build configuration list for PBXNativeTarget "resitcerCalculatorTests" */;
			buildPhases = (
				FD0219C826403686006B4E2A /* Sources */,
				FD0219C926403686006B4E2A /* Frameworks */,
				FD0219CA26403686006B4E2A /* Resources */,
			);
			buildRules = (
			);
			dependencies = (
				FD0219CE26403686006B4E2A /* PBXTargetDependency */,
			);
			name = resitcerCalculatorTests;
			productName = resitcerCalculatorTests;
			productReference = FD0219CC26403686006B4E2A /* resitcerCalculatorTests.xctest */;
			productType = "com.apple.product-type.bundle.unit-test";
		};
		FD0219D626403686006B4E2A /* resitcerCalculatorUITests */ = {
			isa = PBXNativeTarget;
			buildConfigurationList = FD0219E626403686006B4E2A /* Build configuration list for PBXNativeTarget "resitcerCalculatorUITests" */;
			buildPhases = (
				FD0219D326403686006B4E2A /* Sources */,
				FD0219D426403686006B4E2A /* Frameworks */,
				FD0219D526403686006B4E2A /* Resources */,
			);
			buildRules = (
			);
			dependencies = (
				FD0219D926403686006B4E2A /* PBXTargetDependency */,
			);
			name = resitcerCalculatorUITests;
			productName = resitcerCalculatorUITests;
			productReference = FD0219D726403686006B4E2A /* resitcerCalculatorUITests.xctest */;
			productType = "com.apple.product-type.bundle.ui-testing";
		};
/* End PBXNativeTarget section */

/* Begin PBXProject section */
		FD0219AE26403681006B4E2A /* Project object */ = {
			isa = PBXProject;
			attributes = {
				LastSwiftUpdateCheck = 1230;
				LastUpgradeCheck = 1230;
				TargetAttributes = {
					FD0219B526403681006B4E2A = {
						CreatedOnToolsVersion = 12.3;
					};
					FD0219CB26403686006B4E2A = {
						CreatedOnToolsVersion = 12.3;
						TestTargetID = FD0219B526403681006B4E2A;
					};
					FD0219D626403686006B4E2A = {
						CreatedOnToolsVersion = 12.3;
						TestTargetID = FD0219B526403681006B4E2A;
					};
				};
			};
			buildConfigurationList = FD0219B126403681006B4E2A /* Build configuration list for PBXProject "resitcerCalculator" */;
			compatibilityVersion = "Xcode 9.3";
			developmentRegion = en;
			hasScannedForEncodings = 0;
			knownRegions = (
				en,
				Base,
			);
			mainGroup = FD0219AD26403681006B4E2A;
			productRefGroup = FD0219B726403681006B4E2A /* Products */;
			projectDirPath = "";
			projectRoot = "";
			targets = (
				FD0219B526403681006B4E2A /* resitcerCalculator */,
				FD0219CB26403686006B4E2A /* resitcerCalculatorTests */,
				FD0219D626403686006B4E2A /* resitcerCalculatorUITests */,
			);
		};
/* End PBXProject section */

/* Begin PBXResourcesBuildPhase section */
		FD0219B426403681006B4E2A /* Resources */ = {
			isa = PBXResourcesBuildPhase;
			buildActionMask = 2147483647;
			files = (
				FD0219C626403686006B4E2A /* LaunchScreen.storyboard in Resources */,
				FD0219C326403686006B4E2A /* Assets.xcassets in Resources */,
				FD0219C126403681006B4E2A /* Main.storyboard in Resources */,
			);
			runOnlyForDeploymentPostprocessing = 0;
		};
		FD0219CA26403686006B4E2A /* Resources */ = {
			isa = PBXResourcesBuildPhase;
			buildActionMask = 2147483647;
			files = (
			);
			runOnlyForDeploymentPostprocessing = 0;
		};
		FD0219D526403686006B4E2A /* Resources */ = {
			isa = PBXResourcesBuildPhase;
			buildActionMask = 2147483647;
			files = (
			);
			runOnlyForDeploymentPostprocessing = 0;
		};
/* End PBXResourcesBuildPhase section */

/* Begin PBXSourcesBuildPhase section */
		FD0219B226403681006B4E2A /* Sources */ = {
			isa = PBXSourcesBuildPhase;
			buildActionMask = 2147483647;
			files = (
				FD0219BE26403681006B4E2A /* ViewController.swift in Sources */,
				FD0219BA26403681006B4E2A /* AppDelegate.swift in Sources */,
				FD0219BC26403681006B4E2A /* SceneDelegate.swift in Sources */,
			);
			runOnlyForDeploymentPostprocessing = 0;
		};
		FD0219C826403686006B4E2A /* Sources */ = {
			isa = PBXSourcesBuildPhase;
			buildActionMask = 2147483647;
			files = (
				FD0219D126403686006B4E2A /* resitcerCalculatorTests.swift in Sources */,
			);
			runOnlyForDeploymentPostprocessing = 0;
		};
		FD0219D326403686006B4E2A /* Sources */ = {
			isa = PBXSourcesBuildPhase;
			buildActionMask = 2147483647;
			files = (
				FD0219DC26403686006B4E2A /* resitcerCalculatorUITests.swift in Sources */,
			);
			runOnlyForDeploymentPostprocessing = 0;
		};
/* End PBXSourcesBuildPhase section */

/* Begin PBXTargetDependency section */
		FD0219CE26403686006B4E2A /* PBXTargetDependency */ = {
			isa = PBXTargetDependency;
			target = FD0219B526403681006B4E2A /* resitcerCalculator */;
			targetProxy = FD0219CD26403686006B4E2A /* PBXContainerItemProxy */;
		};
		FD0219D926403686006B4E2A /* PBXTargetDependency */ = {
			isa = PBXTargetDependency;
			target = FD0219B526403681006B4E2A /* resitcerCalculator */;
			targetProxy = FD0219D826403686006B4E2A /* PBXContainerItemProxy */;
		};
/* End PBXTargetDependency section */

/* Begin PBXVariantGroup section */
		FD0219BF26403681006B4E2A /* Main.storyboard */ = {
			isa = PBXVariantGroup;
			children = (
				FD0219C026403681006B4E2A /* Base */,
			);
			name = Main.storyboard;
			sourceTree = "<group>";
		};
		FD0219C426403686006B4E2A /* LaunchScreen.storyboard */ = {
			isa = PBXVariantGroup;
			children = (
				FD0219C526403686006B4E2A /* Base */,
			);
			name = LaunchScreen.storyboard;
			sourceTree = "<group>";
		};
/* End PBXVariantGroup section */

/* Begin XCBuildConfiguration section */
		FD0219DE26403686006B4E2A /* Debug */ = {
			isa = XCBuildConfiguration;
			buildSettings = {
				ALWAYS_SEARCH_USER_PATHS = NO;
				CLANG_ANALYZER_NONNULL = YES;
				CLANG_ANALYZER_NUMBER_OBJECT_CONVERSION = YES_AGGRESSIVE;
				CLANG_CXX_LANGUAGE_STANDARD = "gnu++14";
				CLANG_CXX_LIBRARY = "libc++";
				CLANG_ENABLE_MODULES = YES;
				CLANG_ENABLE_OBJC_ARC = YES;
				CLANG_ENABLE_OBJC_WEAK = YES;
				CLANG_WARN_BLOCK_CAPTURE_AUTORELEASING = YES;
				CLANG_WARN_BOOL_CONVERSION = YES;
				CLANG_WARN_COMMA = YES;
				CLANG_WARN_CONSTANT_CONVERSION = YES;
				CLANG_WARN_DEPRECATED_OBJC_IMPLEMENTATIONS = YES;
				CLANG_WARN_DIRECT_OBJC_ISA_USAGE = YES_ERROR;
				CLANG_WARN_DOCUMENTATION_COMMENTS = YES;
				CLANG_WARN_EMPTY_BODY = YES;
				CLANG_WARN_ENUM_CONVERSION = YES;
				CLANG_WARN_INFINITE_RECURSION = YES;
				CLANG_WARN_INT_CONVERSION = YES;
				CLANG_WARN_NON_LITERAL_NULL_CONVERSION = YES;
				CLANG_WARN_OBJC_IMPLICIT_RETAIN_SELF = YES;
				CLANG_WARN_OBJC_LITERAL_CONVERSION = YES;
				CLANG_WARN_OBJC_ROOT_CLASS = YES_ERROR;
				CLANG_WARN_QUOTED_INCLUDE_IN_FRAMEWORK_HEADER = YES;
				CLANG_WARN_RANGE_LOOP_ANALYSIS = YES;
				CLANG_WARN_STRICT_PROTOTYPES = YES;
				CLANG_WARN_SUSPICIOUS_MOVE = YES;
				CLANG_WARN_UNGUARDED_AVAILABILITY = YES_AGGRESSIVE;
				CLANG_WARN_UNREACHABLE_CODE = YES;
				CLANG_WARN__DUPLICATE_METHOD_MATCH = YES;
				COPY_PHASE_STRIP = NO;
				DEBUG_INFORMATION_FORMAT = dwarf;
				ENABLE_STRICT_OBJC_MSGSEND = YES;
				ENABLE_TESTABILITY = YES;
				GCC_C_LANGUAGE_STANDARD = gnu11;
				GCC_DYNAMIC_NO_PIC = NO;
				GCC_NO_COMMON_BLOCKS = YES;
				GCC_OPTIMIZATION_LEVEL = 0;
				GCC_PREPROCESSOR_DEFINITIONS = (
					"DEBUG=1",
					"$(inherited)",
				);
				GCC_WARN_64_TO_32_BIT_CONVERSION = YES;
				GCC_WARN_ABOUT_RETURN_TYPE = YES_ERROR;
				GCC_WARN_UNDECLARED_SELECTOR = YES;
				GCC_WARN_UNINITIALIZED_AUTOS = YES_AGGRESSIVE;
				GCC_WARN_UNUSED_FUNCTION = YES;
				GCC_WARN_UNUSED_VARIABLE = YES;
				IPHONEOS_DEPLOYMENT_TARGET = 14.3;
				MTL_ENABLE_DEBUG_INFO = INCLUDE_SOURCE;
				MTL_FAST_MATH = YES;
				ONLY_ACTIVE_ARCH = YES;
				SDKROOT = iphoneos;
				SWIFT_ACTIVE_COMPILATION_CONDITIONS = DEBUG;
				SWIFT_OPTIMIZATION_LEVEL = "-Onone";
			};
			name = Debug;
		};
		FD0219DF26403686006B4E2A /* Release */ = {
			isa = XCBuildConfiguration;
			buildSettings = {
				ALWAYS_SEARCH_USER_PATHS = NO;
				CLANG_ANALYZER_NONNULL = YES;
				CLANG_ANALYZER_NUMBER_OBJECT_CONVERSION = YES_AGGRESSIVE;
				CLANG_CXX_LANGUAGE_STANDARD = "gnu++14";
				CLANG_CXX_LIBRARY = "libc++";
				CLANG_ENABLE_MODULES = YES;
				CLANG_ENABLE_OBJC_ARC = YES;
				CLANG_ENABLE_OBJC_WEAK = YES;
				CLANG_WARN_BLOCK_CAPTURE_AUTORELEASING = YES;
				CLANG_WARN_BOOL_CONVERSION = YES;
				CLANG_WARN_COMMA = YES;
				CLANG_WARN_CONSTANT_CONVERSION = YES;
				CLANG_WARN_DEPRECATED_OBJC_IMPLEMENTATIONS = YES;
				CLANG_WARN_DIRECT_OBJC_ISA_USAGE = YES_ERROR;
				CLANG_WARN_DOCUMENTATION_COMMENTS = YES;
				CLANG_WARN_EMPTY_BODY = YES;
				CLANG_WARN_ENUM_CONVERSION = YES;
				CLANG_WARN_INFINITE_RECURSION = YES;
				CLANG_WARN_INT_CONVERSION = YES;
				CLANG_WARN_NON_LITERAL_NULL_CONVERSION = YES;
				CLANG_WARN_OBJC_IMPLICIT_RETAIN_SELF = YES;
				CLANG_WARN_OBJC_LITERAL_CONVERSION = YES;
				CLANG_WARN_OBJC_ROOT_CLASS = YES_ERROR;
				CLANG_WARN_QUOTED_INCLUDE_IN_FRAMEWORK_HEADER = YES;
				CLANG_WARN_RANGE_LOOP_ANALYSIS = YES;
				CLANG_WARN_STRICT_PROTOTYPES = YES;
				CLANG_WARN_SUSPICIOUS_MOVE = YES;
				CLANG_WARN_UNGUARDED_AVAILABILITY = YES_AGGRESSIVE;
				CLANG_WARN_UNREACHABLE_CODE = YES;
				CLANG_WARN__DUPLICATE_METHOD_MATCH = YES;
				COPY_PHASE_STRIP = NO;
				DEBUG_INFORMATION_FORMAT = "dwarf-with-dsym";
				ENABLE_NS_ASSERTIONS = NO;
				ENABLE_STRICT_OBJC_MSGSEND = YES;
				GCC_C_LANGUAGE_STANDARD = gnu11;
				GCC_NO_COMMON_BLOCKS = YES;
				GCC_WARN_64_TO_32_BIT_CONVERSION = YES;
				GCC_WARN_ABOUT_RETURN_TYPE = YES_ERROR;
				GCC_WARN_UNDECLARED_SELECTOR = YES;
				GCC_WARN_UNINITIALIZED_AUTOS = YES_AGGRESSIVE;
				GCC_WARN_UNUSED_FUNCTION = YES;
				GCC_WARN_UNUSED_VARIABLE = YES;
				IPHONEOS_DEPLOYMENT_TARGET = 14.3;
				MTL_ENABLE_DEBUG_INFO = NO;
				MTL_FAST_MATH = YES;
				SDKROOT = iphoneos;
				SWIFT_COMPILATION_MODE = wholemodule;
				SWIFT_OPTIMIZATION_LEVEL = "-O";
				VALIDATE_PRODUCT = YES;
			};
			name = Release;
		};
		FD0219E126403686006B4E2A /* Debug */ = {
			isa = XCBuildConfiguration;
			buildSettings = {
				ASSETCATALOG_COMPILER_APPICON_NAME = AppIcon;
				ASSETCATALOG_COMPILER_GLOBAL_ACCENT_COLOR_NAME = AccentColor;
				CODE_SIGN_STYLE = Automatic;
				INFOPLIST_FILE = resitcerCalculator/Info.plist;
				LD_RUNPATH_SEARCH_PATHS = (
					"$(inherited)",
					"@executable_path/Frameworks",
				);
				PRODUCT_BUNDLE_IDENTIFIER = "SWCA-Mobile-apps.resitcerCalculator";
				PRODUCT_NAME = "$(TARGET_NAME)";
				SWIFT_VERSION = 5.0;
				TARGETED_DEVICE_FAMILY = "1,2";
			};
			name = Debug;
		};
		FD0219E226403686006B4E2A /* Release */ = {
			isa = XCBuildConfiguration;
			buildSettings = {
				ASSETCATALOG_COMPILER_APPICON_NAME = AppIcon;
				ASSETCATALOG_COMPILER_GLOBAL_ACCENT_COLOR_NAME = AccentColor;
				CODE_SIGN_STYLE = Automatic;
				INFOPLIST_FILE = resitcerCalculator/Info.plist;
				LD_RUNPATH_SEARCH_PATHS = (
					"$(inherited)",
					"@executable_path/Frameworks",
				);
				PRODUCT_BUNDLE_IDENTIFIER = "SWCA-Mobile-apps.resitcerCalculator";
				PRODUCT_NAME = "$(TARGET_NAME)";
				SWIFT_VERSION = 5.0;
				TARGETED_DEVICE_FAMILY = "1,2";
			};
			name = Release;
		};
		FD0219E426403686006B4E2A /* Debug */ = {
			isa = XCBuildConfiguration;
			buildSettings = {
				ALWAYS_EMBED_SWIFT_STANDARD_LIBRARIES = YES;
				BUNDLE_LOADER = "$(TEST_HOST)";
				CODE_SIGN_STYLE = Automatic;
				INFOPLIST_FILE = resitcerCalculatorTests/Info.plist;
				IPHONEOS_DEPLOYMENT_TARGET = 14.3;
				LD_RUNPATH_SEARCH_PATHS = (
					"$(inherited)",
					"@executable_path/Frameworks",
					"@loader_path/Frameworks",
				);
				PRODUCT_BUNDLE_IDENTIFIER = "SWCA-Mobile-apps.resitcerCalculatorTests";
				PRODUCT_NAME = "$(TARGET_NAME)";
				SWIFT_VERSION = 5.0;
				TARGETED_DEVICE_FAMILY = "1,2";
				TEST_HOST = "$(BUILT_PRODUCTS_DIR)/resitcerCalculator.app/resitcerCalculator";
			};
			name = Debug;
		};
		FD0219E526403686006B4E2A /* Release */ = {
			isa = XCBuildConfiguration;
			buildSettings = {
				ALWAYS_EMBED_SWIFT_STANDARD_LIBRARIES = YES;
				BUNDLE_LOADER = "$(TEST_HOST)";
				CODE_SIGN_STYLE = Automatic;
				INFOPLIST_FILE = resitcerCalculatorTests/Info.plist;
				IPHONEOS_DEPLOYMENT_TARGET = 14.3;
				LD_RUNPATH_SEARCH_PATHS = (
					"$(inherited)",
					"@executable_path/Frameworks",
					"@loader_path/Frameworks",
				);
				PRODUCT_BUNDLE_IDENTIFIER = "SWCA-Mobile-apps.resitcerCalculatorTests";
				PRODUCT_NAME = "$(TARGET_NAME)";
				SWIFT_VERSION = 5.0;
				TARGETED_DEVICE_FAMILY = "1,2";
				TEST_HOST = "$(BUILT_PRODUCTS_DIR)/resitcerCalculator.app/resitcerCalculator";
			};
			name = Release;
		};
		FD0219E726403686006B4E2A /* Debug */ = {
			isa = XCBuildConfiguration;
			buildSettings = {
				ALWAYS_EMBED_SWIFT_STANDARD_LIBRARIES = YES;
				CODE_SIGN_STYLE = Automatic;
				INFOPLIST_FILE = resitcerCalculatorUITests/Info.plist;
				LD_RUNPATH_SEARCH_PATHS = (
					"$(inherited)",
					"@executable_path/Frameworks",
					"@loader_path/Frameworks",
				);
				PRODUCT_BUNDLE_IDENTIFIER = "SWCA-Mobile-apps.resitcerCalculatorUITests";
				PRODUCT_NAME = "$(TARGET_NAME)";
				SWIFT_VERSION = 5.0;
				TARGETED_DEVICE_FAMILY = "1,2";
				TEST_TARGET_NAME = resitcerCalculator;
			};
			name = Debug;
		};
		FD0219E826403686006B4E2A /* Release */ = {
			isa = XCBuildConfiguration;
			buildSettings = {
				ALWAYS_EMBED_SWIFT_STANDARD_LIBRARIES = YES;
				CODE_SIGN_STYLE = Automatic;
				INFOPLIST_FILE = resitcerCalculatorUITests/Info.plist;
				LD_RUNPATH_SEARCH_PATHS = (
					"$(inherited)",
					"@executable_path/Frameworks",
					"@loader_path/Frameworks",
				);
				PRODUCT_BUNDLE_IDENTIFIER = "SWCA-Mobile-apps.resitcerCalculatorUITests";
				PRODUCT_NAME = "$(TARGET_NAME)";
				SWIFT_VERSION = 5.0;
				TARGETED_DEVICE_FAMILY = "1,2";
				TEST_TARGET_NAME = resitcerCalculator;
			};
			name = Release;
		};
/* End XCBuildConfiguration section */

/* Begin XCConfigurationList section */
		FD0219B126403681006B4E2A /* Build configuration list for PBXProject "resitcerCalculator" */ = {
			isa = XCConfigurationList;
			buildConfigurations = (
				FD0219DE26403686006B4E2A /* Debug */,
				FD0219DF26403686006B4E2A /* Release */,
			);
			defaultConfigurationIsVisible = 0;
			defaultConfigurationName = Release;
		};
		FD0219E026403686006B4E2A /* Build configuration list for PBXNativeTarget "resitcerCalculator" */ = {
			isa = XCConfigurationList;
			buildConfigurations = (
				FD0219E126403686006B4E2A /* Debug */,
				FD0219E226403686006B4E2A /* Release */,
			);
			defaultConfigurationIsVisible = 0;
			defaultConfigurationName = Release;
		};
		FD0219E326403686006B4E2A /* Build configuration list for PBXNativeTarget "resitcerCalculatorTests" */ = {
			isa = XCConfigurationList;
			buildConfigurations = (
				FD0219E426403686006B4E2A /* Debug */,
				FD0219E526403686006B4E2A /* Release */,
			);
			defaultConfigurationIsVisible = 0;
			defaultConfigurationName = Release;
		};
		FD0219E626403686006B4E2A /* Build configuration list for PBXNativeTarget "resitcerCalculatorUITests" */ = {
			isa = XCConfigurationList;
			buildConfigurations = (
				FD0219E726403686006B4E2A /* Debug */,
				FD0219E826403686006B4E2A /* Release */,
			);
			defaultConfigurationIsVisible = 0;
			defaultConfigurationName = Release;
		};
/* End XCConfigurationList section */
	};
	rootObject = FD0219AE26403681006B4E2A /* Project object */;
}
